
Microsoft Visual Studio Solution File, Format Version 12.00
# Visual Studio Version 17
VisualStudioVersion = 17.6.33829.357
MinimumVisualStudioVersion = 10.0.40219.1
Project("{FAE04EC0-301F-11D3-BF4B-00C04F79EFBC}") = "Jogo da memoria", "Jogo da memoria\Jogo da memoria.csproj", "{B201B477-44D5-48EF-B84D-17C5F1B4F05A}"
EndProject
Global
	GlobalSection(SolutionConfigurationPlatforms) = preSolution
		Debug|Any CPU = Debug|Any CPU
		Release|Any CPU = Release|Any CPU
	EndGlobalSection
	GlobalSection(ProjectConfigurationPlatforms) = postSolution
		{B201B477-44D5-48EF-B84D-17C5F1B4F05A}.Debug|Any CPU.ActiveCfg = Debug|Any CPU
		{B201B477-44D5-48EF-B84D-17C5F1B4F05A}.Debug|Any CPU.Build.0 = Debug|Any CPU
		{B201B477-44D5-48EF-B84D-17C5F1B4F05A}.Release|Any CPU.ActiveCfg = Release|Any CPU
		{B201B477-44D5-48EF-B84D-17C5F1B4F05A}.Release|Any CPU.Build.0 = Release|Any CPU
	EndGlobalSection
	GlobalSection(SolutionProperties) = preSolution
		HideSolutionNode = FALSE
	EndGlobalSection
	GlobalSection(ExtensibilityGlobals) = postSolution
		SolutionGuid = {4C3A72A8-97BB-47E8-A0C6-3FE05AE8EF85}
	EndGlobalSection
EndGlobal
